
Microsoft Visual Studio Solution File, Format Version 12.00
# Visual Studio Version 17
VisualStudioVersion = 17.14.37111.16 d17.14
MinimumVisualStudioVersion = 10.0.40219.1
Project("{FAE04EC0-301F-11D3-BF4B-00C04F79EFBC}") = "RandomCreation", "RandomCreation\RandomCreation.csproj", "{F1F61388-A9E3-4AA8-AEB7-245E9240AE8E}"
EndProject
Global
	GlobalSection(SolutionConfigurationPlatforms) = preSolution
		Debug|Any CPU = Debug|Any CPU
		Release|Any CPU = Release|Any CPU
	EndGlobalSection
	GlobalSection(ProjectConfigurationPlatforms) = postSolution
		{F1F61388-A9E3-4AA8-AEB7-245E9240AE8E}.Debug|Any CPU.ActiveCfg = Debug|Any CPU
		{F1F61388-A9E3-4AA8-AEB7-245E9240AE8E}.Debug|Any CPU.Build.0 = Debug|Any CPU
		{F1F61388-A9E3-4AA8-AEB7-245E9240AE8E}.Release|Any CPU.ActiveCfg = Release|Any CPU
		{F1F61388-A9E3-4AA8-AEB7-245E9240AE8E}.Release|Any CPU.Build.0 = Release|Any CPU
	EndGlobalSection
	GlobalSection(SolutionProperties) = preSolution
		HideSolutionNode = FALSE
	EndGlobalSection
	GlobalSection(ExtensibilityGlobals) = postSolution
		SolutionGuid = {E7B8FABD-F448-4AFC-B25C-C166151D9509}
	EndGlobalSection
EndGlobal
